
Microsoft Visual Studio Solution File, Format Version 12.00
# Visual Studio 15
VisualStudioVersion = 15.0.26124.0
MinimumVisualStudioVersion = 15.0.26124.0
Project("{FAE04EC0-301F-11D3-BF4B-00C04F79EFBC}") = "wrapping-paper", "wrapping-paper\wrapping-paper.csproj", "{530CFCC5-B69D-4FEF-B345-AD5FA190878F}"
EndProject
Project("{FAE04EC0-301F-11D3-BF4B-00C04F79EFBC}") = "PaperCalaulatorTest", "PaperCalaulatorTest\PaperCalaulatorTest.csproj", "{A6964B78-25D5-45D7-8170-844BF0944DFB}"
EndProject
Global
	GlobalSection(SolutionConfigurationPlatforms) = preSolution
		Debug|Any CPU = Debug|Any CPU
		Debug|x64 = Debug|x64
		Debug|x86 = Debug|x86
		Release|Any CPU = Release|Any CPU
		Release|x64 = Release|x64
		Release|x86 = Release|x86
	EndGlobalSection
	GlobalSection(SolutionProperties) = preSolution
		HideSolutionNode = FALSE
	EndGlobalSection
	GlobalSection(ProjectConfigurationPlatforms) = postSolution
		{530CFCC5-B69D-4FEF-B345-AD5FA190878F}.Debug|Any CPU.ActiveCfg = Debug|Any CPU
		{530CFCC5-B69D-4FEF-B345-AD5FA190878F}.Debug|Any CPU.Build.0 = Debug|Any CPU
		{530CFCC5-B69D-4FEF-B345-AD5FA190878F}.Debug|x64.ActiveCfg = Debug|Any CPU
		{530CFCC5-B69D-4FEF-B345-AD5FA190878F}.Debug|x64.Build.0 = Debug|Any CPU
		{530CFCC5-B69D-4FEF-B345-AD5FA190878F}.Debug|x86.ActiveCfg = Debug|Any CPU
		{530CFCC5-B69D-4FEF-B345-AD5FA190878F}.Debug|x86.Build.0 = Debug|Any CPU
		{530CFCC5-B69D-4FEF-B345-AD5FA190878F}.Release|Any CPU.ActiveCfg = Release|Any CPU
		{530CFCC5-B69D-4FEF-B345-AD5FA190878F}.Release|Any CPU.Build.0 = Release|Any CPU
		{530CFCC5-B69D-4FEF-B345-AD5FA190878F}.Release|x64.ActiveCfg = Release|Any CPU
		{530CFCC5-B69D-4FEF-B345-AD5FA190878F}.Release|x64.Build.0 = Release|Any CPU
		{530CFCC5-B69D-4FEF-B345-AD5FA190878F}.Release|x86.ActiveCfg = Release|Any CPU
		{530CFCC5-B69D-4FEF-B345-AD5FA190878F}.Release|x86.Build.0 = Release|Any CPU
		{A6964B78-25D5-45D7-8170-844BF0944DFB}.Debug|Any CPU.ActiveCfg = Debug|Any CPU
		{A6964B78-25D5-45D7-8170-844BF0944DFB}.Debug|Any CPU.Build.0 = Debug|Any CPU
		{A6964B78-25D5-45D7-8170-844BF0944DFB}.Debug|x64.ActiveCfg = Debug|Any CPU
		{A6964B78-25D5-45D7-8170-844BF0944DFB}.Debug|x64.Build.0 = Debug|Any CPU
		{A6964B78-25D5-45D7-8170-844BF0944DFB}.Debug|x86.ActiveCfg = Debug|Any CPU
		{A6964B78-25D5-45D7-8170-844BF0944DFB}.Debug|x86.Build.0 = Debug|Any CPU
		{A6964B78-25D5-45D7-8170-844BF0944DFB}.Release|Any CPU.ActiveCfg = Release|Any CPU
		{A6964B78-25D5-45D7-8170-844BF0944DFB}.Release|Any CPU.Build.0 = Release|Any CPU
		{A6964B78-25D5-45D7-8170-844BF0944DFB}.Release|x64.ActiveCfg = Release|Any CPU
		{A6964B78-25D5-45D7-8170-844BF0944DFB}.Release|x64.Build.0 = Release|Any CPU
		{A6964B78-25D5-45D7-8170-844BF0944DFB}.Release|x86.ActiveCfg = Release|Any CPU
		{A6964B78-25D5-45D7-8170-844BF0944DFB}.Release|x86.Build.0 = Release|Any CPU
	EndGlobalSection
EndGlobal
